
Microsoft Visual Studio Solution File, Format Version 12.00
# Visual Studio Version 17
VisualStudioVersion = 17.10.34928.147
MinimumVisualStudioVersion = 10.0.40219.1
Project("{FAE04EC0-301F-11D3-BF4B-00C04F79EFBC}") = "ArrayOfObjectsExample", "ArrayOfObjectsExample\ArrayOfObjectsExample.csproj", "{B350CC1D-4ED7-499B-AF5F-3C5C9A0E4240}"
EndProject
Project("{FAE04EC0-301F-11D3-BF4B-00C04F79EFBC}") = "ClassLibrary1", "ClassLibrary1\ClassLibrary1.csproj", "{F98382AE-E564-48C4-85D9-DA9D28ED3D66}"
EndProject
Global
	GlobalSection(SolutionConfigurationPlatforms) = preSolution
		Debug|Any CPU = Debug|Any CPU
		Release|Any CPU = Release|Any CPU
	EndGlobalSection
	GlobalSection(ProjectConfigurationPlatforms) = postSolution
		{B350CC1D-4ED7-499B-AF5F-3C5C9A0E4240}.Debug|Any CPU.ActiveCfg = Debug|Any CPU
		{B350CC1D-4ED7-499B-AF5F-3C5C9A0E4240}.Debug|Any CPU.Build.0 = Debug|Any CPU
		{B350CC1D-4ED7-499B-AF5F-3C5C9A0E4240}.Release|Any CPU.ActiveCfg = Release|Any CPU
		{B350CC1D-4ED7-499B-AF5F-3C5C9A0E4240}.Release|Any CPU.Build.0 = Release|Any CPU
		{F98382AE-E564-48C4-85D9-DA9D28ED3D66}.Debug|Any CPU.ActiveCfg = Debug|Any CPU
		{F98382AE-E564-48C4-85D9-DA9D28ED3D66}.Debug|Any CPU.Build.0 = Debug|Any CPU
		{F98382AE-E564-48C4-85D9-DA9D28ED3D66}.Release|Any CPU.ActiveCfg = Release|Any CPU
		{F98382AE-E564-48C4-85D9-DA9D28ED3D66}.Release|Any CPU.Build.0 = Release|Any CPU
	EndGlobalSection
	GlobalSection(SolutionProperties) = preSolution
		HideSolutionNode = FALSE
	EndGlobalSection
	GlobalSection(ExtensibilityGlobals) = postSolution
		SolutionGuid = {9D8915A6-39E2-48CF-A108-52613D20B81D}
	EndGlobalSection
EndGlobal
