
Microsoft Visual Studio Solution File, Format Version 12.00
# Visual Studio Version 17
VisualStudioVersion = 17.10.34928.147
MinimumVisualStudioVersion = 10.0.40219.1
Project("{FAE04EC0-301F-11D3-BF4B-00C04F79EFBC}") = "EnumerationsExample", "EnumerationsExample\EnumerationsExample.csproj", "{F8D55AFA-04F7-451C-BF04-E8F90A09007A}"
EndProject
Project("{FAE04EC0-301F-11D3-BF4B-00C04F79EFBC}") = "ClassLibrary1", "ClassLibrary1\ClassLibrary1.csproj", "{3B2E7667-B87C-4568-A618-F6F1F7DAC9ED}"
EndProject
Global
	GlobalSection(SolutionConfigurationPlatforms) = preSolution
		Debug|Any CPU = Debug|Any CPU
		Release|Any CPU = Release|Any CPU
	EndGlobalSection
	GlobalSection(ProjectConfigurationPlatforms) = postSolution
		{F8D55AFA-04F7-451C-BF04-E8F90A09007A}.Debug|Any CPU.ActiveCfg = Debug|Any CPU
		{F8D55AFA-04F7-451C-BF04-E8F90A09007A}.Debug|Any CPU.Build.0 = Debug|Any CPU
		{F8D55AFA-04F7-451C-BF04-E8F90A09007A}.Release|Any CPU.ActiveCfg = Release|Any CPU
		{F8D55AFA-04F7-451C-BF04-E8F90A09007A}.Release|Any CPU.Build.0 = Release|Any CPU
		{3B2E7667-B87C-4568-A618-F6F1F7DAC9ED}.Debug|Any CPU.ActiveCfg = Debug|Any CPU
		{3B2E7667-B87C-4568-A618-F6F1F7DAC9ED}.Debug|Any CPU.Build.0 = Debug|Any CPU
		{3B2E7667-B87C-4568-A618-F6F1F7DAC9ED}.Release|Any CPU.ActiveCfg = Release|Any CPU
		{3B2E7667-B87C-4568-A618-F6F1F7DAC9ED}.Release|Any CPU.Build.0 = Release|Any CPU
	EndGlobalSection
	GlobalSection(SolutionProperties) = preSolution
		HideSolutionNode = FALSE
	EndGlobalSection
	GlobalSection(ExtensibilityGlobals) = postSolution
		SolutionGuid = {2183427D-C747-4C95-9183-ADDD697C586B}
	EndGlobalSection
EndGlobal
