
Microsoft Visual Studio Solution File, Format Version 12.00
# Visual Studio Version 17
VisualStudioVersion = 17.10.34928.147
MinimumVisualStudioVersion = 10.0.40219.1
Project("{FAE04EC0-301F-11D3-BF4B-00C04F79EFBC}") = "ObjectClassExample", "ObjectClassExample\ObjectClassExample.csproj", "{1B69EDE7-E855-495C-9BDF-30D4D92409CA}"
EndProject
Project("{FAE04EC0-301F-11D3-BF4B-00C04F79EFBC}") = "ClassLibrary1", "ClassLibrary1\ClassLibrary1.csproj", "{F8030610-28C5-4D58-8473-88E085DC87E4}"
EndProject
Global
	GlobalSection(SolutionConfigurationPlatforms) = preSolution
		Debug|Any CPU = Debug|Any CPU
		Release|Any CPU = Release|Any CPU
	EndGlobalSection
	GlobalSection(ProjectConfigurationPlatforms) = postSolution
		{1B69EDE7-E855-495C-9BDF-30D4D92409CA}.Debug|Any CPU.ActiveCfg = Debug|Any CPU
		{1B69EDE7-E855-495C-9BDF-30D4D92409CA}.Debug|Any CPU.Build.0 = Debug|Any CPU
		{1B69EDE7-E855-495C-9BDF-30D4D92409CA}.Release|Any CPU.ActiveCfg = Release|Any CPU
		{1B69EDE7-E855-495C-9BDF-30D4D92409CA}.Release|Any CPU.Build.0 = Release|Any CPU
		{F8030610-28C5-4D58-8473-88E085DC87E4}.Debug|Any CPU.ActiveCfg = Debug|Any CPU
		{F8030610-28C5-4D58-8473-88E085DC87E4}.Debug|Any CPU.Build.0 = Debug|Any CPU
		{F8030610-28C5-4D58-8473-88E085DC87E4}.Release|Any CPU.ActiveCfg = Release|Any CPU
		{F8030610-28C5-4D58-8473-88E085DC87E4}.Release|Any CPU.Build.0 = Release|Any CPU
	EndGlobalSection
	GlobalSection(SolutionProperties) = preSolution
		HideSolutionNode = FALSE
	EndGlobalSection
	GlobalSection(ExtensibilityGlobals) = postSolution
		SolutionGuid = {A6289FC4-D0CE-476B-8531-66D24C3B046B}
	EndGlobalSection
EndGlobal
