
Microsoft Visual Studio Solution File, Format Version 12.00
# Visual Studio Version 17
VisualStudioVersion = 17.10.34928.147
MinimumVisualStudioVersion = 10.0.40219.1
Project("{FAE04EC0-301F-11D3-BF4B-00C04F79EFBC}") = "IEquatableExample", "IEquatableExample\IEquatableExample.csproj", "{74B1D21F-BC49-4D03-8D04-43D573B3387B}"
EndProject
Global
	GlobalSection(SolutionConfigurationPlatforms) = preSolution
		Debug|Any CPU = Debug|Any CPU
		Release|Any CPU = Release|Any CPU
	EndGlobalSection
	GlobalSection(ProjectConfigurationPlatforms) = postSolution
		{74B1D21F-BC49-4D03-8D04-43D573B3387B}.Debug|Any CPU.ActiveCfg = Debug|Any CPU
		{74B1D21F-BC49-4D03-8D04-43D573B3387B}.Debug|Any CPU.Build.0 = Debug|Any CPU
		{74B1D21F-BC49-4D03-8D04-43D573B3387B}.Release|Any CPU.ActiveCfg = Release|Any CPU
		{74B1D21F-BC49-4D03-8D04-43D573B3387B}.Release|Any CPU.Build.0 = Release|Any CPU
	EndGlobalSection
	GlobalSection(SolutionProperties) = preSolution
		HideSolutionNode = FALSE
	EndGlobalSection
	GlobalSection(ExtensibilityGlobals) = postSolution
		SolutionGuid = {1382D16A-179B-49FD-98DA-1D3C5BD23FC3}
	EndGlobalSection
EndGlobal
