
Microsoft Visual Studio Solution File, Format Version 12.00
# Visual Studio Version 17
VisualStudioVersion = 17.10.34928.147
MinimumVisualStudioVersion = 10.0.40219.1
Project("{FAE04EC0-301F-11D3-BF4B-00C04F79EFBC}") = "SelectExample", "SelectExample\SelectExample.csproj", "{C58E3D13-A250-40E5-84D3-B5B942BAD026}"
EndProject
Global
	GlobalSection(SolutionConfigurationPlatforms) = preSolution
		Debug|Any CPU = Debug|Any CPU
		Release|Any CPU = Release|Any CPU
	EndGlobalSection
	GlobalSection(ProjectConfigurationPlatforms) = postSolution
		{C58E3D13-A250-40E5-84D3-B5B942BAD026}.Debug|Any CPU.ActiveCfg = Debug|Any CPU
		{C58E3D13-A250-40E5-84D3-B5B942BAD026}.Debug|Any CPU.Build.0 = Debug|Any CPU
		{C58E3D13-A250-40E5-84D3-B5B942BAD026}.Release|Any CPU.ActiveCfg = Release|Any CPU
		{C58E3D13-A250-40E5-84D3-B5B942BAD026}.Release|Any CPU.Build.0 = Release|Any CPU
	EndGlobalSection
	GlobalSection(SolutionProperties) = preSolution
		HideSolutionNode = FALSE
	EndGlobalSection
	GlobalSection(ExtensibilityGlobals) = postSolution
		SolutionGuid = {B8F6194C-1516-4CE4-BC44-80CDA1177DA9}
	EndGlobalSection
EndGlobal
