
Microsoft Visual Studio Solution File, Format Version 12.00
# Visual Studio Version 17
VisualStudioVersion = 17.10.34928.147
MinimumVisualStudioVersion = 10.0.40219.1
Project("{FAE04EC0-301F-11D3-BF4B-00C04F79EFBC}") = "CollectionOfObjectsExample", "CollectionOfObjectsExample\CollectionOfObjectsExample.csproj", "{9B924F68-26BA-44BD-B25F-93A58173B322}"
EndProject
Project("{FAE04EC0-301F-11D3-BF4B-00C04F79EFBC}") = "ClassLibrary1", "ClassLibrary1\ClassLibrary1.csproj", "{DEA674CF-C6C2-467C-8C81-9BA55A0567C3}"
EndProject
Global
	GlobalSection(SolutionConfigurationPlatforms) = preSolution
		Debug|Any CPU = Debug|Any CPU
		Release|Any CPU = Release|Any CPU
	EndGlobalSection
	GlobalSection(ProjectConfigurationPlatforms) = postSolution
		{9B924F68-26BA-44BD-B25F-93A58173B322}.Debug|Any CPU.ActiveCfg = Debug|Any CPU
		{9B924F68-26BA-44BD-B25F-93A58173B322}.Debug|Any CPU.Build.0 = Debug|Any CPU
		{9B924F68-26BA-44BD-B25F-93A58173B322}.Release|Any CPU.ActiveCfg = Release|Any CPU
		{9B924F68-26BA-44BD-B25F-93A58173B322}.Release|Any CPU.Build.0 = Release|Any CPU
		{DEA674CF-C6C2-467C-8C81-9BA55A0567C3}.Debug|Any CPU.ActiveCfg = Debug|Any CPU
		{DEA674CF-C6C2-467C-8C81-9BA55A0567C3}.Debug|Any CPU.Build.0 = Debug|Any CPU
		{DEA674CF-C6C2-467C-8C81-9BA55A0567C3}.Release|Any CPU.ActiveCfg = Release|Any CPU
		{DEA674CF-C6C2-467C-8C81-9BA55A0567C3}.Release|Any CPU.Build.0 = Release|Any CPU
	EndGlobalSection
	GlobalSection(SolutionProperties) = preSolution
		HideSolutionNode = FALSE
	EndGlobalSection
	GlobalSection(ExtensibilityGlobals) = postSolution
		SolutionGuid = {FCB33BD0-FAF8-4332-9467-60402CD6B67A}
	EndGlobalSection
EndGlobal
