
Microsoft Visual Studio Solution File, Format Version 12.00
# Visual Studio Version 17
VisualStudioVersion = 17.10.34928.147
MinimumVisualStudioVersion = 10.0.40219.1
Project("{FAE04EC0-301F-11D3-BF4B-00C04F79EFBC}") = "AreaOfCircle", "AreaOfCircle.csproj", "{4E370AA4-B838-4C6D-B085-75C98611FF3C}"
EndProject
Global
	GlobalSection(SolutionConfigurationPlatforms) = preSolution
		Debug|Any CPU = Debug|Any CPU
		Release|Any CPU = Release|Any CPU
	EndGlobalSection
	GlobalSection(ProjectConfigurationPlatforms) = postSolution
		{4E370AA4-B838-4C6D-B085-75C98611FF3C}.Debug|Any CPU.ActiveCfg = Debug|Any CPU
		{4E370AA4-B838-4C6D-B085-75C98611FF3C}.Debug|Any CPU.Build.0 = Debug|Any CPU
		{4E370AA4-B838-4C6D-B085-75C98611FF3C}.Release|Any CPU.ActiveCfg = Release|Any CPU
		{4E370AA4-B838-4C6D-B085-75C98611FF3C}.Release|Any CPU.Build.0 = Release|Any CPU
	EndGlobalSection
	GlobalSection(SolutionProperties) = preSolution
		HideSolutionNode = FALSE
	EndGlobalSection
	GlobalSection(ExtensibilityGlobals) = postSolution
		SolutionGuid = {D5AB7AE4-13AE-43EF-AA22-76ECDD3F64F8}
	EndGlobalSection
EndGlobal
