
Microsoft Visual Studio Solution File, Format Version 12.00
# Visual Studio Version 17
VisualStudioVersion = 17.10.34928.147
MinimumVisualStudioVersion = 10.0.40219.1
Project("{FAE04EC0-301F-11D3-BF4B-00C04F79EFBC}") = "ExpressionTreeExample", "ExpressionTreeExample\ExpressionTreeExample.csproj", "{67E10121-3D16-4D41-8525-279C6BEF7EA7}"
EndProject
Global
	GlobalSection(SolutionConfigurationPlatforms) = preSolution
		Debug|Any CPU = Debug|Any CPU
		Release|Any CPU = Release|Any CPU
	EndGlobalSection
	GlobalSection(ProjectConfigurationPlatforms) = postSolution
		{67E10121-3D16-4D41-8525-279C6BEF7EA7}.Debug|Any CPU.ActiveCfg = Debug|Any CPU
		{67E10121-3D16-4D41-8525-279C6BEF7EA7}.Debug|Any CPU.Build.0 = Debug|Any CPU
		{67E10121-3D16-4D41-8525-279C6BEF7EA7}.Release|Any CPU.ActiveCfg = Release|Any CPU
		{67E10121-3D16-4D41-8525-279C6BEF7EA7}.Release|Any CPU.Build.0 = Release|Any CPU
	EndGlobalSection
	GlobalSection(SolutionProperties) = preSolution
		HideSolutionNode = FALSE
	EndGlobalSection
	GlobalSection(ExtensibilityGlobals) = postSolution
		SolutionGuid = {4A10D43C-FCA9-4216-B549-3F1415197ED5}
	EndGlobalSection
EndGlobal
