
Microsoft Visual Studio Solution File, Format Version 12.00
# Visual Studio Version 17
VisualStudioVersion = 17.10.34928.147
MinimumVisualStudioVersion = 10.0.40219.1
Project("{FAE04EC0-301F-11D3-BF4B-00C04F79EFBC}") = "ExtensionMethodsExample", "ExtensionMethodsExample\ExtensionMethodsExample.csproj", "{42E2C5DA-5AA3-45C3-8B68-6EA9A6919AF3}"
EndProject
Project("{FAE04EC0-301F-11D3-BF4B-00C04F79EFBC}") = "ClassLibrary1", "ClassLibrary1\ClassLibrary1.csproj", "{4CE5F4BD-D693-4B2A-9EDA-38C0F39AC677}"
EndProject
Global
	GlobalSection(SolutionConfigurationPlatforms) = preSolution
		Debug|Any CPU = Debug|Any CPU
		Release|Any CPU = Release|Any CPU
	EndGlobalSection
	GlobalSection(ProjectConfigurationPlatforms) = postSolution
		{42E2C5DA-5AA3-45C3-8B68-6EA9A6919AF3}.Debug|Any CPU.ActiveCfg = Debug|Any CPU
		{42E2C5DA-5AA3-45C3-8B68-6EA9A6919AF3}.Debug|Any CPU.Build.0 = Debug|Any CPU
		{42E2C5DA-5AA3-45C3-8B68-6EA9A6919AF3}.Release|Any CPU.ActiveCfg = Release|Any CPU
		{42E2C5DA-5AA3-45C3-8B68-6EA9A6919AF3}.Release|Any CPU.Build.0 = Release|Any CPU
		{4CE5F4BD-D693-4B2A-9EDA-38C0F39AC677}.Debug|Any CPU.ActiveCfg = Debug|Any CPU
		{4CE5F4BD-D693-4B2A-9EDA-38C0F39AC677}.Debug|Any CPU.Build.0 = Debug|Any CPU
		{4CE5F4BD-D693-4B2A-9EDA-38C0F39AC677}.Release|Any CPU.ActiveCfg = Release|Any CPU
		{4CE5F4BD-D693-4B2A-9EDA-38C0F39AC677}.Release|Any CPU.Build.0 = Release|Any CPU
	EndGlobalSection
	GlobalSection(SolutionProperties) = preSolution
		HideSolutionNode = FALSE
	EndGlobalSection
	GlobalSection(ExtensibilityGlobals) = postSolution
		SolutionGuid = {078840CE-A54D-4D1A-AC54-A839918E41CD}
	EndGlobalSection
EndGlobal
