
Microsoft Visual Studio Solution File, Format Version 12.00
# Visual Studio Version 17
VisualStudioVersion = 17.10.34928.147
MinimumVisualStudioVersion = 10.0.40219.1
Project("{FAE04EC0-301F-11D3-BF4B-00C04F79EFBC}") = "GenericMethodsExample", "GenericMethodsExample\GenericMethodsExample.csproj", "{E46D97E9-E552-43A7-8B88-D8054CC32729}"
EndProject
Project("{FAE04EC0-301F-11D3-BF4B-00C04F79EFBC}") = "ClassLibrary1", "ClassLibrary1\ClassLibrary1.csproj", "{7D4F18BD-B7EA-456D-BD1D-E457C26AECD4}"
EndProject
Global
	GlobalSection(SolutionConfigurationPlatforms) = preSolution
		Debug|Any CPU = Debug|Any CPU
		Release|Any CPU = Release|Any CPU
	EndGlobalSection
	GlobalSection(ProjectConfigurationPlatforms) = postSolution
		{E46D97E9-E552-43A7-8B88-D8054CC32729}.Debug|Any CPU.ActiveCfg = Debug|Any CPU
		{E46D97E9-E552-43A7-8B88-D8054CC32729}.Debug|Any CPU.Build.0 = Debug|Any CPU
		{E46D97E9-E552-43A7-8B88-D8054CC32729}.Release|Any CPU.ActiveCfg = Release|Any CPU
		{E46D97E9-E552-43A7-8B88-D8054CC32729}.Release|Any CPU.Build.0 = Release|Any CPU
		{7D4F18BD-B7EA-456D-BD1D-E457C26AECD4}.Debug|Any CPU.ActiveCfg = Debug|Any CPU
		{7D4F18BD-B7EA-456D-BD1D-E457C26AECD4}.Debug|Any CPU.Build.0 = Debug|Any CPU
		{7D4F18BD-B7EA-456D-BD1D-E457C26AECD4}.Release|Any CPU.ActiveCfg = Release|Any CPU
		{7D4F18BD-B7EA-456D-BD1D-E457C26AECD4}.Release|Any CPU.Build.0 = Release|Any CPU
	EndGlobalSection
	GlobalSection(SolutionProperties) = preSolution
		HideSolutionNode = FALSE
	EndGlobalSection
	GlobalSection(ExtensibilityGlobals) = postSolution
		SolutionGuid = {696EBFE9-2015-437A-B43F-108D7A8DED28}
	EndGlobalSection
EndGlobal
