
Microsoft Visual Studio Solution File, Format Version 12.00
# Visual Studio Version 17
VisualStudioVersion = 17.10.34928.147
MinimumVisualStudioVersion = 10.0.40219.1
Project("{FAE04EC0-301F-11D3-BF4B-00C04F79EFBC}") = "SwitchExpressionExample", "SwitchExpressionExample\SwitchExpressionExample.csproj", "{93185391-9F34-46D3-BD5F-D805D1391ADD}"
EndProject
Global
	GlobalSection(SolutionConfigurationPlatforms) = preSolution
		Debug|Any CPU = Debug|Any CPU
		Release|Any CPU = Release|Any CPU
	EndGlobalSection
	GlobalSection(ProjectConfigurationPlatforms) = postSolution
		{93185391-9F34-46D3-BD5F-D805D1391ADD}.Debug|Any CPU.ActiveCfg = Debug|Any CPU
		{93185391-9F34-46D3-BD5F-D805D1391ADD}.Debug|Any CPU.Build.0 = Debug|Any CPU
		{93185391-9F34-46D3-BD5F-D805D1391ADD}.Release|Any CPU.ActiveCfg = Release|Any CPU
		{93185391-9F34-46D3-BD5F-D805D1391ADD}.Release|Any CPU.Build.0 = Release|Any CPU
	EndGlobalSection
	GlobalSection(SolutionProperties) = preSolution
		HideSolutionNode = FALSE
	EndGlobalSection
	GlobalSection(ExtensibilityGlobals) = postSolution
		SolutionGuid = {F21DCA03-CA7C-4DF8-92F3-2650C72BE77C}
	EndGlobalSection
EndGlobal
