
Microsoft Visual Studio Solution File, Format Version 12.00
# Visual Studio Version 17
VisualStudioVersion = 17.10.34928.147
MinimumVisualStudioVersion = 10.0.40219.1
Project("{FAE04EC0-301F-11D3-BF4B-00C04F79EFBC}") = "TupleExample", "TupleExample\TupleExample.csproj", "{53021414-BB16-437B-814C-2B076E7361EB}"
EndProject
Global
	GlobalSection(SolutionConfigurationPlatforms) = preSolution
		Debug|Any CPU = Debug|Any CPU
		Release|Any CPU = Release|Any CPU
	EndGlobalSection
	GlobalSection(ProjectConfigurationPlatforms) = postSolution
		{53021414-BB16-437B-814C-2B076E7361EB}.Debug|Any CPU.ActiveCfg = Debug|Any CPU
		{53021414-BB16-437B-814C-2B076E7361EB}.Debug|Any CPU.Build.0 = Debug|Any CPU
		{53021414-BB16-437B-814C-2B076E7361EB}.Release|Any CPU.ActiveCfg = Release|Any CPU
		{53021414-BB16-437B-814C-2B076E7361EB}.Release|Any CPU.Build.0 = Release|Any CPU
	EndGlobalSection
	GlobalSection(SolutionProperties) = preSolution
		HideSolutionNode = FALSE
	EndGlobalSection
	GlobalSection(ExtensibilityGlobals) = postSolution
		SolutionGuid = {306B87BF-E96B-4A8A-9178-E8F88ECCDD96}
	EndGlobalSection
EndGlobal
