
Microsoft Visual Studio Solution File, Format Version 12.00
# Visual Studio Version 17
VisualStudioVersion = 17.10.34928.147
MinimumVisualStudioVersion = 10.0.40219.1
Project("{FAE04EC0-301F-11D3-BF4B-00C04F79EFBC}") = "SingleCastDelegatesExample", "SingleCastDelegatesExample\SingleCastDelegatesExample.csproj", "{1D12390F-ED56-4797-8BFD-423B4240A06C}"
EndProject
Project("{FAE04EC0-301F-11D3-BF4B-00C04F79EFBC}") = "ClassLibrary1", "ClassLibrary1\ClassLibrary1.csproj", "{82CE1FAE-8C07-447D-A52D-D70F66D01B15}"
EndProject
Global
	GlobalSection(SolutionConfigurationPlatforms) = preSolution
		Debug|Any CPU = Debug|Any CPU
		Release|Any CPU = Release|Any CPU
	EndGlobalSection
	GlobalSection(ProjectConfigurationPlatforms) = postSolution
		{1D12390F-ED56-4797-8BFD-423B4240A06C}.Debug|Any CPU.ActiveCfg = Debug|Any CPU
		{1D12390F-ED56-4797-8BFD-423B4240A06C}.Debug|Any CPU.Build.0 = Debug|Any CPU
		{1D12390F-ED56-4797-8BFD-423B4240A06C}.Release|Any CPU.ActiveCfg = Release|Any CPU
		{1D12390F-ED56-4797-8BFD-423B4240A06C}.Release|Any CPU.Build.0 = Release|Any CPU
		{82CE1FAE-8C07-447D-A52D-D70F66D01B15}.Debug|Any CPU.ActiveCfg = Debug|Any CPU
		{82CE1FAE-8C07-447D-A52D-D70F66D01B15}.Debug|Any CPU.Build.0 = Debug|Any CPU
		{82CE1FAE-8C07-447D-A52D-D70F66D01B15}.Release|Any CPU.ActiveCfg = Release|Any CPU
		{82CE1FAE-8C07-447D-A52D-D70F66D01B15}.Release|Any CPU.Build.0 = Release|Any CPU
	EndGlobalSection
	GlobalSection(SolutionProperties) = preSolution
		HideSolutionNode = FALSE
	EndGlobalSection
	GlobalSection(ExtensibilityGlobals) = postSolution
		SolutionGuid = {E39F97CD-1253-4C5A-B7ED-5BE2A9E8B1E3}
	EndGlobalSection
EndGlobal
