
Microsoft Visual Studio Solution File, Format Version 12.00
# Visual Studio Version 17
VisualStudioVersion = 17.10.34928.147
MinimumVisualStudioVersion = 10.0.40219.1
Project("{FAE04EC0-301F-11D3-BF4B-00C04F79EFBC}") = "ConvertAllExample", "ConvertAllExample\ConvertAllExample.csproj", "{1BCCBA25-883A-446C-808F-0C9589357D92}"
EndProject
Global
	GlobalSection(SolutionConfigurationPlatforms) = preSolution
		Debug|Any CPU = Debug|Any CPU
		Release|Any CPU = Release|Any CPU
	EndGlobalSection
	GlobalSection(ProjectConfigurationPlatforms) = postSolution
		{1BCCBA25-883A-446C-808F-0C9589357D92}.Debug|Any CPU.ActiveCfg = Debug|Any CPU
		{1BCCBA25-883A-446C-808F-0C9589357D92}.Debug|Any CPU.Build.0 = Debug|Any CPU
		{1BCCBA25-883A-446C-808F-0C9589357D92}.Release|Any CPU.ActiveCfg = Release|Any CPU
		{1BCCBA25-883A-446C-808F-0C9589357D92}.Release|Any CPU.Build.0 = Release|Any CPU
	EndGlobalSection
	GlobalSection(SolutionProperties) = preSolution
		HideSolutionNode = FALSE
	EndGlobalSection
	GlobalSection(ExtensibilityGlobals) = postSolution
		SolutionGuid = {59740DEC-644B-484C-8053-EF1D1F5E6F2F}
	EndGlobalSection
EndGlobal
