
Microsoft Visual Studio Solution File, Format Version 12.00
# Visual Studio Version 17
VisualStudioVersion = 17.10.34928.147
MinimumVisualStudioVersion = 10.0.40219.1
Project("{FAE04EC0-301F-11D3-BF4B-00C04F79EFBC}") = "MulitCastDelegatesExample", "MulitCastDelegatesExample\MulitCastDelegatesExample.csproj", "{8AE5E2E6-B0F3-4AE2-AAFE-7AA6D7154BE6}"
EndProject
Project("{FAE04EC0-301F-11D3-BF4B-00C04F79EFBC}") = "ClassLibrary1", "ClassLibrary1\ClassLibrary1.csproj", "{46931E96-7823-46D0-8B80-D8A0CFB8FB2B}"
EndProject
Global
	GlobalSection(SolutionConfigurationPlatforms) = preSolution
		Debug|Any CPU = Debug|Any CPU
		Release|Any CPU = Release|Any CPU
	EndGlobalSection
	GlobalSection(ProjectConfigurationPlatforms) = postSolution
		{8AE5E2E6-B0F3-4AE2-AAFE-7AA6D7154BE6}.Debug|Any CPU.ActiveCfg = Debug|Any CPU
		{8AE5E2E6-B0F3-4AE2-AAFE-7AA6D7154BE6}.Debug|Any CPU.Build.0 = Debug|Any CPU
		{8AE5E2E6-B0F3-4AE2-AAFE-7AA6D7154BE6}.Release|Any CPU.ActiveCfg = Release|Any CPU
		{8AE5E2E6-B0F3-4AE2-AAFE-7AA6D7154BE6}.Release|Any CPU.Build.0 = Release|Any CPU
		{46931E96-7823-46D0-8B80-D8A0CFB8FB2B}.Debug|Any CPU.ActiveCfg = Debug|Any CPU
		{46931E96-7823-46D0-8B80-D8A0CFB8FB2B}.Debug|Any CPU.Build.0 = Debug|Any CPU
		{46931E96-7823-46D0-8B80-D8A0CFB8FB2B}.Release|Any CPU.ActiveCfg = Release|Any CPU
		{46931E96-7823-46D0-8B80-D8A0CFB8FB2B}.Release|Any CPU.Build.0 = Release|Any CPU
	EndGlobalSection
	GlobalSection(SolutionProperties) = preSolution
		HideSolutionNode = FALSE
	EndGlobalSection
	GlobalSection(ExtensibilityGlobals) = postSolution
		SolutionGuid = {4E840D33-14DD-4FE1-8EF3-BC55F5F20A21}
	EndGlobalSection
EndGlobal
