
Microsoft Visual Studio Solution File, Format Version 12.00
# Visual Studio Version 17
VisualStudioVersion = 17.10.34928.147
MinimumVisualStudioVersion = 10.0.40219.1
Project("{FAE04EC0-301F-11D3-BF4B-00C04F79EFBC}") = "IndexFromEndExample", "IndexFromEndExample\IndexFromEndExample.csproj", "{84B51494-2AF0-4E8D-A277-41B1A9C33A1E}"
EndProject
Global
	GlobalSection(SolutionConfigurationPlatforms) = preSolution
		Debug|Any CPU = Debug|Any CPU
		Release|Any CPU = Release|Any CPU
	EndGlobalSection
	GlobalSection(ProjectConfigurationPlatforms) = postSolution
		{84B51494-2AF0-4E8D-A277-41B1A9C33A1E}.Debug|Any CPU.ActiveCfg = Debug|Any CPU
		{84B51494-2AF0-4E8D-A277-41B1A9C33A1E}.Debug|Any CPU.Build.0 = Debug|Any CPU
		{84B51494-2AF0-4E8D-A277-41B1A9C33A1E}.Release|Any CPU.ActiveCfg = Release|Any CPU
		{84B51494-2AF0-4E8D-A277-41B1A9C33A1E}.Release|Any CPU.Build.0 = Release|Any CPU
	EndGlobalSection
	GlobalSection(SolutionProperties) = preSolution
		HideSolutionNode = FALSE
	EndGlobalSection
	GlobalSection(ExtensibilityGlobals) = postSolution
		SolutionGuid = {F84753F7-84D7-413C-8956-B03CC0DE1445}
	EndGlobalSection
EndGlobal
