
Microsoft Visual Studio Solution File, Format Version 12.00
# Visual Studio Version 17
VisualStudioVersion = 17.10.34928.147
MinimumVisualStudioVersion = 10.0.40219.1
Project("{FAE04EC0-301F-11D3-BF4B-00C04F79EFBC}") = "EventsExample", "EventsExample\EventsExample.csproj", "{F74344DB-87DC-4D43-B2C3-871D9C0A21BF}"
EndProject
Project("{FAE04EC0-301F-11D3-BF4B-00C04F79EFBC}") = "ClassLibrary1", "ClassLibrary1\ClassLibrary1.csproj", "{22C712E0-24F3-4518-8B78-783C5F427117}"
EndProject
Global
	GlobalSection(SolutionConfigurationPlatforms) = preSolution
		Debug|Any CPU = Debug|Any CPU
		Release|Any CPU = Release|Any CPU
	EndGlobalSection
	GlobalSection(ProjectConfigurationPlatforms) = postSolution
		{F74344DB-87DC-4D43-B2C3-871D9C0A21BF}.Debug|Any CPU.ActiveCfg = Debug|Any CPU
		{F74344DB-87DC-4D43-B2C3-871D9C0A21BF}.Debug|Any CPU.Build.0 = Debug|Any CPU
		{F74344DB-87DC-4D43-B2C3-871D9C0A21BF}.Release|Any CPU.ActiveCfg = Release|Any CPU
		{F74344DB-87DC-4D43-B2C3-871D9C0A21BF}.Release|Any CPU.Build.0 = Release|Any CPU
		{22C712E0-24F3-4518-8B78-783C5F427117}.Debug|Any CPU.ActiveCfg = Debug|Any CPU
		{22C712E0-24F3-4518-8B78-783C5F427117}.Debug|Any CPU.Build.0 = Debug|Any CPU
		{22C712E0-24F3-4518-8B78-783C5F427117}.Release|Any CPU.ActiveCfg = Release|Any CPU
		{22C712E0-24F3-4518-8B78-783C5F427117}.Release|Any CPU.Build.0 = Release|Any CPU
	EndGlobalSection
	GlobalSection(SolutionProperties) = preSolution
		HideSolutionNode = FALSE
	EndGlobalSection
	GlobalSection(ExtensibilityGlobals) = postSolution
		SolutionGuid = {741C5562-A2F4-4C1A-8A1D-AD655FFF2969}
	EndGlobalSection
EndGlobal
