
Microsoft Visual Studio Solution File, Format Version 12.00
# Visual Studio Version 17
VisualStudioVersion = 17.10.34928.147
MinimumVisualStudioVersion = 10.0.40219.1
Project("{FAE04EC0-301F-11D3-BF4B-00C04F79EFBC}") = "InheritanceExample", "InheritanceExample\InheritanceExample.csproj", "{222D254A-783E-4391-915F-4620EA56098C}"
EndProject
Project("{FAE04EC0-301F-11D3-BF4B-00C04F79EFBC}") = "ClassLibrary1", "ClassLibrary1\ClassLibrary1.csproj", "{80DAC72A-C683-42D7-9DB9-1343275F52E8}"
EndProject
Global
	GlobalSection(SolutionConfigurationPlatforms) = preSolution
		Debug|Any CPU = Debug|Any CPU
		Release|Any CPU = Release|Any CPU
	EndGlobalSection
	GlobalSection(ProjectConfigurationPlatforms) = postSolution
		{222D254A-783E-4391-915F-4620EA56098C}.Debug|Any CPU.ActiveCfg = Debug|Any CPU
		{222D254A-783E-4391-915F-4620EA56098C}.Debug|Any CPU.Build.0 = Debug|Any CPU
		{222D254A-783E-4391-915F-4620EA56098C}.Release|Any CPU.ActiveCfg = Release|Any CPU
		{222D254A-783E-4391-915F-4620EA56098C}.Release|Any CPU.Build.0 = Release|Any CPU
		{80DAC72A-C683-42D7-9DB9-1343275F52E8}.Debug|Any CPU.ActiveCfg = Debug|Any CPU
		{80DAC72A-C683-42D7-9DB9-1343275F52E8}.Debug|Any CPU.Build.0 = Debug|Any CPU
		{80DAC72A-C683-42D7-9DB9-1343275F52E8}.Release|Any CPU.ActiveCfg = Release|Any CPU
		{80DAC72A-C683-42D7-9DB9-1343275F52E8}.Release|Any CPU.Build.0 = Release|Any CPU
	EndGlobalSection
	GlobalSection(SolutionProperties) = preSolution
		HideSolutionNode = FALSE
	EndGlobalSection
	GlobalSection(ExtensibilityGlobals) = postSolution
		SolutionGuid = {0DFF3D2C-8390-45B5-99A7-6D1986B9EFA6}
	EndGlobalSection
EndGlobal
