
Microsoft Visual Studio Solution File, Format Version 12.00
# Visual Studio Version 17
VisualStudioVersion = 17.10.34928.147
MinimumVisualStudioVersion = 10.0.40219.1
Project("{FAE04EC0-301F-11D3-BF4B-00C04F79EFBC}") = "LocalFunctionsExample", "LocalFunctionsExample.csproj", "{279B77C7-1861-4EB7-A882-A3348A94AE8D}"
EndProject
Global
	GlobalSection(SolutionConfigurationPlatforms) = preSolution
		Debug|Any CPU = Debug|Any CPU
		Release|Any CPU = Release|Any CPU
	EndGlobalSection
	GlobalSection(ProjectConfigurationPlatforms) = postSolution
		{279B77C7-1861-4EB7-A882-A3348A94AE8D}.Debug|Any CPU.ActiveCfg = Debug|Any CPU
		{279B77C7-1861-4EB7-A882-A3348A94AE8D}.Debug|Any CPU.Build.0 = Debug|Any CPU
		{279B77C7-1861-4EB7-A882-A3348A94AE8D}.Release|Any CPU.ActiveCfg = Release|Any CPU
		{279B77C7-1861-4EB7-A882-A3348A94AE8D}.Release|Any CPU.Build.0 = Release|Any CPU
	EndGlobalSection
	GlobalSection(SolutionProperties) = preSolution
		HideSolutionNode = FALSE
	EndGlobalSection
	GlobalSection(ExtensibilityGlobals) = postSolution
		SolutionGuid = {FB98603B-863C-4BF0-9D42-3B9219779D18}
	EndGlobalSection
EndGlobal
