
Microsoft Visual Studio Solution File, Format Version 12.00
# Visual Studio Version 17
VisualStudioVersion = 17.10.34928.147
MinimumVisualStudioVersion = 10.0.40219.1
Project("{FAE04EC0-301F-11D3-BF4B-00C04F79EFBC}") = "OneToManyExamle", "OneToManyExamle\OneToManyExamle.csproj", "{D1ADBDA4-4CCE-4833-8C28-0841B2918A49}"
EndProject
Project("{FAE04EC0-301F-11D3-BF4B-00C04F79EFBC}") = "ClassLibrary1", "ClassLibrary1\ClassLibrary1.csproj", "{24D68ECE-D5C5-4E2F-8EEE-AC85E04E7CB5}"
EndProject
Global
	GlobalSection(SolutionConfigurationPlatforms) = preSolution
		Debug|Any CPU = Debug|Any CPU
		Release|Any CPU = Release|Any CPU
	EndGlobalSection
	GlobalSection(ProjectConfigurationPlatforms) = postSolution
		{D1ADBDA4-4CCE-4833-8C28-0841B2918A49}.Debug|Any CPU.ActiveCfg = Debug|Any CPU
		{D1ADBDA4-4CCE-4833-8C28-0841B2918A49}.Debug|Any CPU.Build.0 = Debug|Any CPU
		{D1ADBDA4-4CCE-4833-8C28-0841B2918A49}.Release|Any CPU.ActiveCfg = Release|Any CPU
		{D1ADBDA4-4CCE-4833-8C28-0841B2918A49}.Release|Any CPU.Build.0 = Release|Any CPU
		{24D68ECE-D5C5-4E2F-8EEE-AC85E04E7CB5}.Debug|Any CPU.ActiveCfg = Debug|Any CPU
		{24D68ECE-D5C5-4E2F-8EEE-AC85E04E7CB5}.Debug|Any CPU.Build.0 = Debug|Any CPU
		{24D68ECE-D5C5-4E2F-8EEE-AC85E04E7CB5}.Release|Any CPU.ActiveCfg = Release|Any CPU
		{24D68ECE-D5C5-4E2F-8EEE-AC85E04E7CB5}.Release|Any CPU.Build.0 = Release|Any CPU
	EndGlobalSection
	GlobalSection(SolutionProperties) = preSolution
		HideSolutionNode = FALSE
	EndGlobalSection
	GlobalSection(ExtensibilityGlobals) = postSolution
		SolutionGuid = {1938922A-ADF1-4204-89FE-742B5AA98462}
	EndGlobalSection
EndGlobal
