
Microsoft Visual Studio Solution File, Format Version 12.00
# Visual Studio Version 17
VisualStudioVersion = 17.12.35506.116 d17.12
MinimumVisualStudioVersion = 10.0.40219.1
Project("{FAE04EC0-301F-11D3-BF4B-00C04F79EFBC}") = "Try-Catch-Finally", "Try-Catch-Finally\Try-Catch-Finally.csproj", "{D1D31945-5BB5-404C-8A62-256E3E8B221D}"
EndProject
Global
	GlobalSection(SolutionConfigurationPlatforms) = preSolution
		Debug|Any CPU = Debug|Any CPU
		Release|Any CPU = Release|Any CPU
	EndGlobalSection
	GlobalSection(ProjectConfigurationPlatforms) = postSolution
		{D1D31945-5BB5-404C-8A62-256E3E8B221D}.Debug|Any CPU.ActiveCfg = Debug|Any CPU
		{D1D31945-5BB5-404C-8A62-256E3E8B221D}.Debug|Any CPU.Build.0 = Debug|Any CPU
		{D1D31945-5BB5-404C-8A62-256E3E8B221D}.Release|Any CPU.ActiveCfg = Release|Any CPU
		{D1D31945-5BB5-404C-8A62-256E3E8B221D}.Release|Any CPU.Build.0 = Release|Any CPU
	EndGlobalSection
	GlobalSection(SolutionProperties) = preSolution
		HideSolutionNode = FALSE
	EndGlobalSection
EndGlobal
