
Microsoft Visual Studio Solution File, Format Version 12.00
# Visual Studio Version 17
VisualStudioVersion = 17.10.34928.147
MinimumVisualStudioVersion = 10.0.40219.1
Project("{FAE04EC0-301F-11D3-BF4B-00C04F79EFBC}") = "ElementAtExample", "ElementAtExample\ElementAtExample.csproj", "{E0684A64-8C94-4791-BB95-5752D8846634}"
EndProject
Global
	GlobalSection(SolutionConfigurationPlatforms) = preSolution
		Debug|Any CPU = Debug|Any CPU
		Release|Any CPU = Release|Any CPU
	EndGlobalSection
	GlobalSection(ProjectConfigurationPlatforms) = postSolution
		{E0684A64-8C94-4791-BB95-5752D8846634}.Debug|Any CPU.ActiveCfg = Debug|Any CPU
		{E0684A64-8C94-4791-BB95-5752D8846634}.Debug|Any CPU.Build.0 = Debug|Any CPU
		{E0684A64-8C94-4791-BB95-5752D8846634}.Release|Any CPU.ActiveCfg = Release|Any CPU
		{E0684A64-8C94-4791-BB95-5752D8846634}.Release|Any CPU.Build.0 = Release|Any CPU
	EndGlobalSection
	GlobalSection(SolutionProperties) = preSolution
		HideSolutionNode = FALSE
	EndGlobalSection
	GlobalSection(ExtensibilityGlobals) = postSolution
		SolutionGuid = {B8611162-B0D2-4C96-BADD-3D9FEE3CE872}
	EndGlobalSection
EndGlobal
